<?xml version="1.0" encoding="utf-8"?>
<Project ToolsVersion="4.0" xmlns="http://schemas.microsoft.com/developer/msbuild/2003">
  <ItemGroup>
    <Filter Include="Source Files">
      <UniqueIdentifier>{8144a733-42b2-405f-8097-1523aaf1d05d}</UniqueIdentifier>
      <Extensions>c</Extensions>
    </Filter>
    <Filter Include="Header Files">
      <UniqueIdentifier>{e3e32c2a-d406-48f3-a425-fbe94c232077}</UniqueIdentifier>
      <Extensions>h</Extensions>
    </Filter>
  </ItemGroup>
  <ItemGroup>
    <ClCompile Include="cg_consolecmds.cpp">
      <Filter>Source Files</Filter>
    </ClCompile>
    <ClCompile Include="cg_draw.cpp">
      <Filter>Source Files</Filter>
    </ClCompile>
    <ClCompile Include="cg_drawtools.cpp">
      <Filter>Source Files</Filter>
    </ClCompile>
    <ClCompile Include="cg_effects.cpp">
      <Filter>Source Files</Filter>
    </ClCompile>
    <ClCompile Include="cg_ents.cpp">
      <Filter>Source Files</Filter>
    </ClCompile>
    <ClCompile Include="cg_event.cpp">
      <Filter>Source Files</Filter>
    </ClCompile>
    <ClCompile Include="cg_flamethrower.cpp">
      <Filter>Source Files</Filter>
    </ClCompile>
    <ClCompile Include="cg_info.cpp">
      <Filter>Source Files</Filter>
    </ClCompile>
    <ClCompile Include="cg_localents.cpp">
      <Filter>Source Files</Filter>
    </ClCompile>
    <ClCompile Include="cg_main.cpp">
      <Filter>Source Files</Filter>
    </ClCompile>
    <ClCompile Include="cg_marks.cpp">
      <Filter>Source Files</Filter>
    </ClCompile>
    <ClCompile Include="cg_newDraw.cpp">
      <Filter>Source Files</Filter>
    </ClCompile>
    <ClCompile Include="cg_particles.cpp">
      <Filter>Source Files</Filter>
    </ClCompile>
    <ClCompile Include="cg_players.cpp">
      <Filter>Source Files</Filter>
    </ClCompile>
    <ClCompile Include="cg_playerstate.cpp">
      <Filter>Source Files</Filter>
    </ClCompile>
    <ClCompile Include="cg_predict.cpp">
      <Filter>Source Files</Filter>
    </ClCompile>
    <ClCompile Include="cg_scoreboard.cpp">
      <Filter>Source Files</Filter>
    </ClCompile>
    <ClCompile Include="cg_servercmds.cpp">
      <Filter>Source Files</Filter>
    </ClCompile>
    <ClCompile Include="cg_snapshot.cpp">
      <Filter>Source Files</Filter>
    </ClCompile>
    <ClCompile Include="cg_sound.cpp">
      <Filter>Source Files</Filter>
    </ClCompile>
    <ClCompile Include="cg_syscalls.cpp">
      <Filter>Source Files</Filter>
    </ClCompile>
    <ClCompile Include="cg_trails.cpp">
      <Filter>Source Files</Filter>
    </ClCompile>
    <ClCompile Include="cg_view.cpp">
      <Filter>Source Files</Filter>
    </ClCompile>
    <ClCompile Include="cg_weapons.cpp">
      <Filter>Source Files</Filter>
    </ClCompile>
    <ClCompile Include="..\game\q_math.c">
      <Filter>Source Files</Filter>
    </ClCompile>
    <ClCompile Include="..\game\q_shared.c">
      <Filter>Source Files</Filter>
    </ClCompile>
    <ClCompile Include="..\game\bg_animation.cpp">
      <Filter>Source Files</Filter>
    </ClCompile>
    <ClCompile Include="..\game\bg_misc.cpp">
      <Filter>Source Files</Filter>
    </ClCompile>
    <ClCompile Include="..\game\bg_pmove.cpp">
      <Filter>Source Files</Filter>
    </ClCompile>
    <ClCompile Include="..\game\bg_slidemove.cpp">
      <Filter>Source Files</Filter>
    </ClCompile>
    <ClCompile Include="..\ui\ui_shared.cpp">
      <Filter>Source Files</Filter>
    </ClCompile>
  </ItemGroup>
  <ItemGroup>
    <ClInclude Include="..\game\bg_local.h">
      <Filter>Header Files</Filter>
    </ClInclude>
    <ClInclude Include="..\game\bg_public.h">
      <Filter>Header Files</Filter>
    </ClInclude>
    <ClInclude Include="cg_local.h">
      <Filter>Header Files</Filter>
    </ClInclude>
    <ClInclude Include="cg_public.h">
      <Filter>Header Files</Filter>
    </ClInclude>
    <ClInclude Include="..\ui\keycodes.h">
      <Filter>Header Files</Filter>
    </ClInclude>
    <ClInclude Include="..\..\main\ui\menudef.h">
      <Filter>Header Files</Filter>
    </ClInclude>
    <ClInclude Include="..\game\q_shared.h">
      <Filter>Header Files</Filter>
    </ClInclude>
    <ClInclude Include="..\game\surfaceflags.h">
      <Filter>Header Files</Filter>
    </ClInclude>
    <ClInclude Include="tr_types.h">
      <Filter>Header Files</Filter>
    </ClInclude>
    <ClInclude Include="..\ui\ui_shared.h">
      <Filter>Header Files</Filter>
    </ClInclude>
  </ItemGroup>
  <ItemGroup>
    <None Include="cgame.def" />
  </ItemGroup>
</Project>